# kairo-workspace-lock v1
# Repository SHA
KairoMath b2098cea2a929741a8d32452d730c30c164845ec
KairoGeometry ecc41cff71df7abbd5aa978bb7c02e04f1f9d068
KairoSpatial c6e4d5e25a5bd376b4a4d3b752d7df54731234e8
KairoPhysicsMath 9310cf074dfbc7c99c0e05110a22bd85d5a62a71
KairoPhysicsEngine b256df7327cfa0e4ae393e811cc3a661a17559e6
KairoAssets 9c9b35ef54b150cc99cbd3ce29fdb93224f4308d
KairoAI 09363d60552fe18c4c95920f22b6e31a791daf86
KairoECS b1ac7720b50be8c9ed024dfe9993f91b6af91ea9
KairoReflection 1e27101b0e3fcac79aa51bf67b888c8783ad3b3f
KairoEngineCore b26c05b53235190f18912593c05f99dadb04e0e3
KairoRenderer d84222c10b38e3a2d3376092d643502639586dbc
KairoEditor e7f60a2fc6aa05e785557cb1b12f6a7716fed780
KairoRayTracer 950787675fa85902051eb06c6137bf083f0d40b2
KairoGPU fc1f46d5063acb551be43efd05b895bb3b2b0bf6
KairoSIMD 277c07fd296c27e0b5deeda1dfa59ce53d12a5f6
KairoScheduler bc1f5bb7fec496e712f523410333ddbd740f3093
KairoONNX 6c950f5a741f4fed2f3ef57c0ccc8888a5d9ec97
KairoTransformers f9683c29c49c3711be75ad1ab8ae5c13be91d716
KairoHub 833a07e7b95f7c75228f57bcb1cf1235a4321717
KairoMacPerception 011b0f797e77e0dd9fec7fe4b7ad5a2db2f9c6e4
KairoPipelineCore d937e17fb730babd2fc3985f25b2136727ad716f
KairoBlender ba0ed9a731b45b91a0991161e4b6b333d828687b
KairoProductionTools 95708af537b312a9a5d56c45e46f419abe858378
KairoHoudini 0ef547ba3a47911851a01b3cd8ddac062a80caf4
KairoMaya 2750133c3abf334789df7703ba2e8ba8a60fa6a7
KairoNuke d1f66798ec047a015a981d1429893d8b3af201a6
