# kairo-workspace-lock v1
# Repository SHA
KairoMath 9fef648ee161fcea118959df8612ceb960f307d4
KairoGeometry 36ac4b9095081d927125b1eda9b5f72380139b78
KairoSpatial 0f6f3107b92226cda0cc3094ce44d44e01d6e606
KairoPhysicsMath fcaf061f54b94bfa97c96e88e5785e8619da167c
KairoPhysicsEngine 08013acabe576eb037e4a6eb22d1b3b09335ae5b
KairoAssets 82645970d0b7506e86cb207879ca77c0d8b573e6
KairoAI 941c496a7aff81fd43bca64dd6c9a602559b0493
KairoECS d7bd3bfbe94bf0bd6b90bef575d2147cca8c67d7
KairoReflection c9cb5f4b89e5f12353daa8b279cfbe1387193dde
KairoEngineCore 872d5baf264bf6e847d62ce69d68aa82d17b4827
KairoRenderer 19faf30c1f9d5aecf39d54ec6c6cd73263e9a876
KairoEditor 6689ab96445c380f9b9d27de06dd24d9fe9f5a31
KairoRayTracer c722919dfe8255aa4bef4cf778324c4f44f39e70
KairoGPU 98c1396ff8c070d20ba15bfb91335822427a99d7
KairoSIMD a7a5c90836a0dfd3b78adecd8f250be614fad3a2
KairoScheduler ef509967f69187e3e0b8a362a89a03151fcac585
KairoONNX 1788c8aef697be48706b4db4ca68885a85f092e4
KairoTransformers 9c1744238bd55176d565269506da5453e8226fc5
KairoHub fbffd9120e63229336ad514c3cb52ce185ac429f
KairoMacPerception 623ed076e19ebc30a9bc7ac7ccda4696d00e985b
