# kairo-workspace-lock v1
# Repository SHA
KairoMath b2098cea2a929741a8d32452d730c30c164845ec
KairoGeometry 78a5a7c524ce6412ce2933711e9680a7e31ebd01
KairoSpatial f9cdedbed0b2793083b83de8d1d049ef16237dc8
KairoPhysicsMath 9310cf074dfbc7c99c0e05110a22bd85d5a62a71
KairoPhysicsEngine b256df7327cfa0e4ae393e811cc3a661a17559e6
KairoAssets 961372f4cb43dc00676660213a73bf556ea91d6a
KairoAI 1a5f9194f7328bd42a2bff45b437b1b6e9ec5421
KairoECS b1ac7720b50be8c9ed024dfe9993f91b6af91ea9
KairoReflection b048dd7fc96f19c0a39fd2076625561e2dae6db5
KairoEngineCore ae055592a0ca5d62f74dfde33a2686a7bcda5ec2
KairoRenderer cdaff5093865b020d118322ea83838063b2871a4
KairoEditor 547978bf0861861a5573f046d09b6c272274509e
KairoRayTracer 99c45dfdaa67c2dc9e2d9846fc1dc21a0ba5782e
KairoGPU fc1f46d5063acb551be43efd05b895bb3b2b0bf6
KairoSIMD 5d65e950ec64e5ae1021cc4b58d374e6a3b5cde6
KairoScheduler bc1f5bb7fec496e712f523410333ddbd740f3093
KairoONNX efe53cb4636c3cdcd1d434f356f8d1adf92e26e7
KairoTransformers 48cca7a9666292fffeb29f65f24d5b80b4f71566
KairoHub 48ed09b7f291d8d8cb9b51ad2e993bf4f16930c7
KairoMacPerception e9cbd023ce946e1ea2834ffeb5a24f0f3a282488
KairoPipelineCore d937e17fb730babd2fc3985f25b2136727ad716f
KairoBlender ba0ed9a731b45b91a0991161e4b6b333d828687b
KairoProductionTools 95708af537b312a9a5d56c45e46f419abe858378
KairoHoudini 0ef547ba3a47911851a01b3cd8ddac062a80caf4
KairoMaya 2750133c3abf334789df7703ba2e8ba8a60fa6a7
KairoNuke d1f66798ec047a015a981d1429893d8b3af201a6
